{
    "name": "shield",
    "lockfileVersion": 2,
    "requires": true,
    "packages": {
        "": {
            "devDependencies": {
                "prettier": "^3.9.5",
                "prettier-plugin-blade": "^1.6.19"
            }
        },
        "node_modules/prettier": {
            "version": "3.9.5",
            "resolved": "https://registry.npmjs.org/prettier/-/prettier-3.9.5.tgz",
            "integrity": "sha512-/FVl766LpUfB5vXgCYOYa0MeV/441Ia99AeICQIQFTY/Nw0roZwULcXpku5i1/m5kt/baz+s4Zogspd839HSMg==",
            "dev": true,
            "bin": {
                "prettier": "bin/prettier.cjs"
            },
            "engines": {
                "node": ">=14"
            },
            "funding": {
                "url": "https://github.com/prettier/prettier?sponsor=1"
            }
        },
        "node_modules/prettier-plugin-blade": {
            "version": "1.6.19",
            "resolved": "https://registry.npmjs.org/prettier-plugin-blade/-/prettier-plugin-blade-1.6.19.tgz",
            "integrity": "sha512-0UZNCZwusNGw/sJLabfhlbbQ8c1SYyTMQuqFyhjYx53DABHSE0gfddGeW0LLH9hAj3gFoGsfcOeUW9KTMuHQaA==",
            "dev": true,
            "engines": {
                "node": ">=6.9.0"
            },
            "peerDependencies": {
                "prettier": ">=2.2.0"
            }
        }
    },
    "dependencies": {
        "prettier": {
            "version": "3.9.5",
            "resolved": "https://registry.npmjs.org/prettier/-/prettier-3.9.5.tgz",
            "integrity": "sha512-/FVl766LpUfB5vXgCYOYa0MeV/441Ia99AeICQIQFTY/Nw0roZwULcXpku5i1/m5kt/baz+s4Zogspd839HSMg==",
            "dev": true
        },
        "prettier-plugin-blade": {
            "version": "1.6.19",
            "resolved": "https://registry.npmjs.org/prettier-plugin-blade/-/prettier-plugin-blade-1.6.19.tgz",
            "integrity": "sha512-0UZNCZwusNGw/sJLabfhlbbQ8c1SYyTMQuqFyhjYx53DABHSE0gfddGeW0LLH9hAj3gFoGsfcOeUW9KTMuHQaA==",
            "dev": true,
            "requires": {}
        }
    }
}
